PODS:
  - CollectionKit (2.4.0):
    - CollectionKit/Core (= 2.4.0)
  - CollectionKit/Core (2.4.0)

DEPENDENCIES:
  - CollectionKit

SPEC REPOS:
  trunk:
    - CollectionKit

SPEC CHECKSUMS:
  CollectionKit: 8f01e7629185bb81072c4aa734d105df5c2d1c8b

PODFILE CHECKSUM: 889aebee7aa9d341fe347abcebe4e0542d7d71d0

COCOAPODS: 1.9.3
